
Microsoft Visual Studio Solution File, Format Version 10.00
# Visual Studio 2008
Project("{8BC9CEB8-8B4A-11D0-8D11-00A0C91BC942}") = "utility", "..\src\utility\utility.vcproj", "{0067599F-9C9B-4C58-880D-21E4C594192A}"
EndProject
Project("{8BC9CEB8-8B4A-11D0-8D11-00A0C91BC942}") = "gpserver", "..\src\gpserver\gpserver.vcproj", "{BC17E70C-5C80-43F1-94C0-7D9673B43BF7}"
	ProjectSection(ProjectDependencies) = postProject
		{0067599F-9C9B-4C58-880D-21E4C594192A} = {0067599F-9C9B-4C58-880D-21E4C594192A}
	EndProjectSection
EndProject
Project("{8BC9CEB8-8B4A-11D0-8D11-00A0C91BC942}") = "gpclient", "..\src\gpclient\gpclient.vcproj", "{DAE7B0A8-2973-4176-BE79-A061B7DD1BF0}"
	ProjectSection(ProjectDependencies) = postProject
		{0067599F-9C9B-4C58-880D-21E4C594192A} = {0067599F-9C9B-4C58-880D-21E4C594192A}
	EndProjectSection
EndProject
Project("{8BC9CEB8-8B4A-11D0-8D11-00A0C91BC942}") = "hook_launcher", "..\src\hook_launcher\test.vcproj", "{2A944965-05E3-4A69-B8BB-F7C8E1F4CF9E}"
EndProject
Project("{8BC9CEB8-8B4A-11D0-8D11-00A0C91BC942}") = "war3_hook", "..\src\war3_hook\war3_hook.vcproj", "{E7164540-F735-421D-B5C6-ED6C46783107}"
	ProjectSection(ProjectDependencies) = postProject
		{0067599F-9C9B-4C58-880D-21E4C594192A} = {0067599F-9C9B-4C58-880D-21E4C594192A}
	EndProjectSection
EndProject
Project("{8BC9CEB8-8B4A-11D0-8D11-00A0C91BC942}") = "cs_hook", "..\src\cs_hook\cs_hook.vcproj", "{A6FD7B78-3568-461A-BEA0-077785835909}"
	ProjectSection(ProjectDependencies) = postProject
		{0067599F-9C9B-4C58-880D-21E4C594192A} = {0067599F-9C9B-4C58-880D-21E4C594192A}
	EndProjectSection
EndProject
Global
	GlobalSection(SolutionConfigurationPlatforms) = preSolution
		Debug|Win32 = Debug|Win32
		Release|Win32 = Release|Win32
	EndGlobalSection
	GlobalSection(ProjectConfigurationPlatforms) = postSolution
		{0067599F-9C9B-4C58-880D-21E4C594192A}.Debug|Win32.ActiveCfg = Debug|Win32
		{0067599F-9C9B-4C58-880D-21E4C594192A}.Debug|Win32.Build.0 = Debug|Win32
		{0067599F-9C9B-4C58-880D-21E4C594192A}.Release|Win32.ActiveCfg = Release|Win32
		{0067599F-9C9B-4C58-880D-21E4C594192A}.Release|Win32.Build.0 = Release|Win32
		{BC17E70C-5C80-43F1-94C0-7D9673B43BF7}.Debug|Win32.ActiveCfg = Debug|Win32
		{BC17E70C-5C80-43F1-94C0-7D9673B43BF7}.Debug|Win32.Build.0 = Debug|Win32
		{BC17E70C-5C80-43F1-94C0-7D9673B43BF7}.Release|Win32.ActiveCfg = Release|Win32
		{BC17E70C-5C80-43F1-94C0-7D9673B43BF7}.Release|Win32.Build.0 = Release|Win32
		{DAE7B0A8-2973-4176-BE79-A061B7DD1BF0}.Debug|Win32.ActiveCfg = Debug|Win32
		{DAE7B0A8-2973-4176-BE79-A061B7DD1BF0}.Debug|Win32.Build.0 = Debug|Win32
		{DAE7B0A8-2973-4176-BE79-A061B7DD1BF0}.Release|Win32.ActiveCfg = Release|Win32
		{DAE7B0A8-2973-4176-BE79-A061B7DD1BF0}.Release|Win32.Build.0 = Release|Win32
		{2A944965-05E3-4A69-B8BB-F7C8E1F4CF9E}.Debug|Win32.ActiveCfg = Debug|Win32
		{2A944965-05E3-4A69-B8BB-F7C8E1F4CF9E}.Debug|Win32.Build.0 = Debug|Win32
		{2A944965-05E3-4A69-B8BB-F7C8E1F4CF9E}.Release|Win32.ActiveCfg = Release|Win32
		{2A944965-05E3-4A69-B8BB-F7C8E1F4CF9E}.Release|Win32.Build.0 = Release|Win32
		{E7164540-F735-421D-B5C6-ED6C46783107}.Debug|Win32.ActiveCfg = Debug|Win32
		{E7164540-F735-421D-B5C6-ED6C46783107}.Debug|Win32.Build.0 = Debug|Win32
		{E7164540-F735-421D-B5C6-ED6C46783107}.Release|Win32.ActiveCfg = Release|Win32
		{E7164540-F735-421D-B5C6-ED6C46783107}.Release|Win32.Build.0 = Release|Win32
		{A6FD7B78-3568-461A-BEA0-077785835909}.Debug|Win32.ActiveCfg = Debug|Win32
		{A6FD7B78-3568-461A-BEA0-077785835909}.Debug|Win32.Build.0 = Debug|Win32
		{A6FD7B78-3568-461A-BEA0-077785835909}.Release|Win32.ActiveCfg = Release|Win32
		{A6FD7B78-3568-461A-BEA0-077785835909}.Release|Win32.Build.0 = Release|Win32
	EndGlobalSection
	GlobalSection(SolutionProperties) = preSolution
		HideSolutionNode = FALSE
	EndGlobalSection
EndGlobal
